
Microsoft Visual Studio Solution File, Format Version 12.00
# Visual Studio Version 17
VisualStudioVersion = 17.8.34309.116
MinimumVisualStudioVersion = 10.0.40219.1
Project("{9A19103F-16F7-4668-BE54-9A1E7A4F7556}") = "DemoBlazorInterop", "DemoBlazorInterop.csproj", "{CC149475-C0F7-4538-B91A-07353597349B}"
EndProject
Global
	GlobalSection(SolutionConfigurationPlatforms) = preSolution
		Debug|Any CPU = Debug|Any CPU
		Release|Any CPU = Release|Any CPU
	EndGlobalSection
	GlobalSection(ProjectConfigurationPlatforms) = postSolution
		{CC149475-C0F7-4538-B91A-07353597349B}.Debug|Any CPU.ActiveCfg = Debug|Any CPU
		{CC149475-C0F7-4538-B91A-07353597349B}.Debug|Any CPU.Build.0 = Debug|Any CPU
		{CC149475-C0F7-4538-B91A-07353597349B}.Release|Any CPU.ActiveCfg = Release|Any CPU
		{CC149475-C0F7-4538-B91A-07353597349B}.Release|Any CPU.Build.0 = Release|Any CPU
	EndGlobalSection
	GlobalSection(SolutionProperties) = preSolution
		HideSolutionNode = FALSE
	EndGlobalSection
	GlobalSection(ExtensibilityGlobals) = postSolution
		SolutionGuid = {7055740C-89FD-4A74-8A15-4A4D64A325B5}
	EndGlobalSection
EndGlobal
